// !$*UTF8*$!
{
	archiveVersion = 1;
	classes = {
	};
	objectVersion = 56;
	objects = {

/* Begin PBXBuildFile section */
		55727F0D2B1CA4C300B68E9D /* AppDelegate.swift in Sources */ = {isa = PBXBuildFile; fileRef = 55727F0C2B1CA4C300B68E9D /* AppDelegate.swift */; };
		55727F0F2B1CA4C300B68E9D /* SceneDelegate.swift in Sources */ = {isa = PBXBuildFile; fileRef = 55727F0E2B1CA4C300B68E9D /* SceneDelegate.swift */; };
		55727F112B1CA4C300B68E9D /* ViewController.swift in Sources */ = {isa = PBXBuildFile; fileRef = 55727F102B1CA4C300B68E9D /* ViewController.swift */; };
		55727F142B1CA4C300B68E9D /* Main.storyboard in Resources */ = {isa = PBXBuildFile; fileRef = 55727F122B1CA4C300B68E9D /* Main.storyboard */; };
		55727F172B1CA4C300B68E9D /* _206_IOSproject_TsangKaPo_ChowChingHo_NgKaKin.xcdatamodeld in Sources */ = {isa = PBXBuildFile; fileRef = 55727F152B1CA4C300B68E9D /* _206_IOSproject_TsangKaPo_ChowChingHo_NgKaKin.xcdatamodeld */; };
		55727F192B1CA4C500B68E9D /* Assets.xcassets in Resources */ = {isa = PBXBuildFile; fileRef = 55727F182B1CA4C500B68E9D /* Assets.xcassets */; };
		55727F1C2B1CA4C500B68E9D /* LaunchScreen.storyboard in Resources */ = {isa = PBXBuildFile; fileRef = 55727F1A2B1CA4C500B68E9D /* LaunchScreen.storyboard */; };
		55BB36FC2B25DEF10025219F /* TemperatureViewController.swift in Sources */ = {isa = PBXBuildFile; fileRef = 55BB36FB2B25DEF10025219F /* TemperatureViewController.swift */; };
		55BB36FE2B2742A30025219F /* AddEditViewController.swift in Sources */ = {isa = PBXBuildFile; fileRef = 55BB36FD2B2742A30025219F /* AddEditViewController.swift */; };
		55BB37002B27463C0025219F /* PlanViewController.swift in Sources */ = {isa = PBXBuildFile; fileRef = 55BB36FF2B27463C0025219F /* PlanViewController.swift */; };
		CEA715242B287E1B00FB9F6A /* HomeViewController.swift in Sources */ = {isa = PBXBuildFile; fileRef = CEA715232B287E1B00FB9F6A /* HomeViewController.swift */; };
		CEA715262B287E3F00FB9F6A /* ServiceAPI.swift in Sources */ = {isa = PBXBuildFile; fileRef = CEA715252B287E3F00FB9F6A /* ServiceAPI.swift */; };
		CEA715282B287E4500FB9F6A /* CurrentWeather.swift in Sources */ = {isa = PBXBuildFile; fileRef = CEA715272B287E4500FB9F6A /* CurrentWeather.swift */; };
/* End PBXBuildFile section */

/* Begin PBXFileReference section */
		55727F092B1CA4C300B68E9D /* 4206_IOSproject_TsangKaPo_ChowChingHo_NgKaKin.app */ = {isa = PBXFileReference; explicitFileType = wrapper.application; includeInIndex = 0; path = 4206_IOSproject_TsangKaPo_ChowChingHo_NgKaKin.app; sourceTree = BUILT_PRODUCTS_DIR; };
		55727F0C2B1CA4C300B68E9D /* AppDelegate.swift */ = {isa = PBXFileReference; lastKnownFileType = sourcecode.swift; path = AppDelegate.swift; sourceTree = "<group>"; };
		55727F0E2B1CA4C300B68E9D /* SceneDelegate.swift */ = {isa = PBXFileReference; lastKnownFileType = sourcecode.swift; path = SceneDelegate.swift; sourceTree = "<group>"; };
		55727F102B1CA4C300B68E9D /* ViewController.swift */ = {isa = PBXFileReference; lastKnownFileType = sourcecode.swift; path = ViewController.swift; sourceTree = "<group>"; };
		55727F132B1CA4C300B68E9D /* Base */ = {isa = PBXFileReference; lastKnownFileType = file.storyboard; name = Base; path = Base.lproj/Main.storyboard; sourceTree = "<group>"; };
		55727F162B1CA4C300B68E9D /* _206_IOSproject_TsangKaPo_ChowChingHo_NgKaKin.xcdatamodel */ = {isa = PBXFileReference; lastKnownFileType = wrapper.xcdatamodel; path = _206_IOSproject_TsangKaPo_ChowChingHo_NgKaKin.xcdatamodel; sourceTree = "<group>"; };
		55727F182B1CA4C500B68E9D /* Assets.xcassets */ = {isa = PBXFileReference; lastKnownFileType = folder.assetcatalog; path = Assets.xcassets; sourceTree = "<group>"; };
		55727F1B2B1CA4C500B68E9D /* Base */ = {isa = PBXFileReference; lastKnownFileType = file.storyboard; name = Base; path = Base.lproj/LaunchScreen.storyboard; sourceTree = "<group>"; };
		55727F1D2B1CA4C500B68E9D /* _206_IOSproject_TsangKaPo_ChowChingHo_NgKaKin.entitlements */ = {isa = PBXFileReference; lastKnownFileType = text.plist.entitlements; path = _206_IOSproject_TsangKaPo_ChowChingHo_NgKaKin.entitlements; sourceTree = "<group>"; };
		55727F1E2B1CA4C500B68E9D /* Info.plist */ = {isa = PBXFileReference; lastKnownFileType = text.plist.xml; path = Info.plist; sourceTree = "<group>"; };
		55BB36FB2B25DEF10025219F /* TemperatureViewController.swift */ = {isa = PBXFileReference; lastKnownFileType = sourcecode.swift; path = TemperatureViewController.swift; sourceTree = "<group>"; };
		55BB36FD2B2742A30025219F /* AddEditViewController.swift */ = {isa = PBXFileReference; lastKnownFileType = sourcecode.swift; path = AddEditViewController.swift; sourceTree = "<group>"; };
		55BB36FF2B27463C0025219F /* PlanViewController.swift */ = {isa = PBXFileReference; lastKnownFileType = sourcecode.swift; path = PlanViewController.swift; sourceTree = "<group>"; };
		CEA715232B287E1B00FB9F6A /* HomeViewController.swift */ = {isa = PBXFileReference; lastKnownFileType = sourcecode.swift; path = HomeViewController.swift; sourceTree = "<group>"; };
		CEA715252B287E3F00FB9F6A /* ServiceAPI.swift */ = {isa = PBXFileReference; fileEncoding = 4; lastKnownFileType = sourcecode.swift; path = ServiceAPI.swift; sourceTree = "<group>"; };
		CEA715272B287E4500FB9F6A /* CurrentWeather.swift */ = {isa = PBXFileReference; fileEncoding = 4; lastKnownFileType = sourcecode.swift; path = CurrentWeather.swift; sourceTree = "<group>"; };
/* End PBXFileReference section */

/* Begin PBXFrameworksBuildPhase section */
		55727F062B1CA4C300B68E9D /* Frameworks */ = {
			isa = PBXFrameworksBuildPhase;
			buildActionMask = 2147483647;
			files = (
			);
			runOnlyForDeploymentPostprocessing = 0;
		};
/* End PBXFrameworksBuildPhase section */

/* Begin PBXGroup section */
		55727F002B1CA4C300B68E9D = {
			isa = PBXGroup;
			children = (
				55727F0B2B1CA4C300B68E9D /* 4206_IOSproject_TsangKaPo_ChowChingHo_NgKaKin */,
				55727F0A2B1CA4C300B68E9D /* Products */,
			);
			sourceTree = "<group>";
		};
		55727F0A2B1CA4C300B68E9D /* Products */ = {
			isa = PBXGroup;
			children = (
				55727F092B1CA4C300B68E9D /* 4206_IOSproject_TsangKaPo_ChowChingHo_NgKaKin.app */,
			);
			name = Products;
			sourceTree = "<group>";
		};
		55727F0B2B1CA4C300B68E9D /* 4206_IOSproject_TsangKaPo_ChowChingHo_NgKaKin */ = {
			isa = PBXGroup;
			children = (
				CEA715232B287E1B00FB9F6A /* HomeViewController.swift */,
				55727F0C2B1CA4C300B68E9D /* AppDelegate.swift */,
				55727F0E2B1CA4C300B68E9D /* SceneDelegate.swift */,
				55727F102B1CA4C300B68E9D /* ViewController.swift */,
				55727F122B1CA4C300B68E9D /* Main.storyboard */,
				55727F182B1CA4C500B68E9D /* Assets.xcassets */,
				55727F1A2B1CA4C500B68E9D /* LaunchScreen.storyboard */,
				55727F1D2B1CA4C500B68E9D /* _206_IOSproject_TsangKaPo_ChowChingHo_NgKaKin.entitlements */,
				55727F1E2B1CA4C500B68E9D /* Info.plist */,
				55727F152B1CA4C300B68E9D /* _206_IOSproject_TsangKaPo_ChowChingHo_NgKaKin.xcdatamodeld */,
				55BB36FB2B25DEF10025219F /* TemperatureViewController.swift */,
				55BB36FD2B2742A30025219F /* AddEditViewController.swift */,
				55BB36FF2B27463C0025219F /* PlanViewController.swift */,
				CEA715252B287E3F00FB9F6A /* ServiceAPI.swift */,
				CEA715272B287E4500FB9F6A /* CurrentWeather.swift */,
			);
			path = 4206_IOSproject_TsangKaPo_ChowChingHo_NgKaKin;
			sourceTree = "<group>";
		};
/* End PBXGroup section */

/* Begin PBXNativeTarget section */
		55727F082B1CA4C300B68E9D /* 4206_IOSproject_TsangKaPo_ChowChingHo_NgKaKin */ = {
			isa = PBXNativeTarget;
			buildConfigurationList = 55727F212B1CA4C500B68E9D /* Build configuration list for PBXNativeTarget "4206_IOSproject_TsangKaPo_ChowChingHo_NgKaKin" */;
			buildPhases = (
				55727F052B1CA4C300B68E9D /* Sources */,
				55727F062B1CA4C300B68E9D /* Frameworks */,
				55727F072B1CA4C300B68E9D /* Resources */,
			);
			buildRules = (
			);
			dependencies = (
			);
			name = 4206_IOSproject_TsangKaPo_ChowChingHo_NgKaKin;
			productName = 4206_IOSproject_TsangKaPo_ChowChingHo_NgKaKin;
			productReference = 55727F092B1CA4C300B68E9D /* 4206_IOSproject_TsangKaPo_ChowChingHo_NgKaKin.app */;
			productType = "com.apple.product-type.application";
		};
/* End PBXNativeTarget section */

/* Begin PBXProject section */
		55727F012B1CA4C300B68E9D /* Project object */ = {
			isa = PBXProject;
			attributes = {
				BuildIndependentTargetsInParallel = 1;
				LastSwiftUpdateCheck = 1500;
				LastUpgradeCheck = 1500;
				TargetAttributes = {
					55727F082B1CA4C300B68E9D = {
						CreatedOnToolsVersion = 15.0.1;
					};
				};
			};
			buildConfigurationList = 55727F042B1CA4C300B68E9D /* Build configuration list for PBXProject "4206_IOSproject_TsangKaPo_ChowChingHo_NgKaKin" */;
			compatibilityVersion = "Xcode 14.0";
			developmentRegion = en;
			hasScannedForEncodings = 0;
			knownRegions = (
				en,
				Base,
			);
			mainGroup = 55727F002B1CA4C300B68E9D;
			productRefGroup = 55727F0A2B1CA4C300B68E9D /* Products */;
			projectDirPath = "";
			projectRoot = "";
			targets = (
				55727F082B1CA4C300B68E9D /* 4206_IOSproject_TsangKaPo_ChowChingHo_NgKaKin */,
			);
		};
/* End PBXProject section */

/* Begin PBXResourcesBuildPhase section */
		55727F072B1CA4C300B68E9D /* Resources */ = {
			isa = PBXResourcesBuildPhase;
			buildActionMask = 2147483647;
			files = (
				55727F1C2B1CA4C500B68E9D /* LaunchScreen.storyboard in Resources */,
				55727F192B1CA4C500B68E9D /* Assets.xcassets in Resources */,
				55727F142B1CA4C300B68E9D /* Main.storyboard in Resources */,
			);
			runOnlyForDeploymentPostprocessing = 0;
		};
/* End PBXResourcesBuildPhase section */

/* Begin PBXSourcesBuildPhase section */
		55727F052B1CA4C300B68E9D /* Sources */ = {
			isa = PBXSourcesBuildPhase;
			buildActionMask = 2147483647;
			files = (
				55727F112B1CA4C300B68E9D /* ViewController.swift in Sources */,
				55727F0D2B1CA4C300B68E9D /* AppDelegate.swift in Sources */,
				55BB36FE2B2742A30025219F /* AddEditViewController.swift in Sources */,
				CEA715242B287E1B00FB9F6A /* HomeViewController.swift in Sources */,
				55BB37002B27463C0025219F /* PlanViewController.swift in Sources */,
				55727F0F2B1CA4C300B68E9D /* SceneDelegate.swift in Sources */,
				CEA715282B287E4500FB9F6A /* CurrentWeather.swift in Sources */,
				55727F172B1CA4C300B68E9D /* _206_IOSproject_TsangKaPo_ChowChingHo_NgKaKin.xcdatamodeld in Sources */,
				CEA715262B287E3F00FB9F6A /* ServiceAPI.swift in Sources */,
				55BB36FC2B25DEF10025219F /* TemperatureViewController.swift in Sources */,
			);
			runOnlyForDeploymentPostprocessing = 0;
		};
/* End PBXSourcesBuildPhase section */

/* Begin PBXVariantGroup section */
		55727F122B1CA4C300B68E9D /* Main.storyboard */ = {
			isa = PBXVariantGroup;
			children = (
				55727F132B1CA4C300B68E9D /* Base */,
			);
			name = Main.storyboard;
			sourceTree = "<group>";
		};
		55727F1A2B1CA4C500B68E9D /* LaunchScreen.storyboard */ = {
			isa = PBXVariantGroup;
			children = (
				55727F1B2B1CA4C500B68E9D /* Base */,
			);
			name = LaunchScreen.storyboard;
			sourceTree = "<group>";
		};
/* End PBXVariantGroup section */

/* Begin XCBuildConfiguration section */
		55727F1F2B1CA4C500B68E9D /* Debug */ = {
			isa = XCBuildConfiguration;
			buildSettings = {
				ALWAYS_SEARCH_USER_PATHS = NO;
				ASSETCATALOG_COMPILER_GENERATE_SWIFT_ASSET_SYMBOL_EXTENSIONS = YES;
				CLANG_ANALYZER_NONNULL = YES;
				CLANG_ANALYZER_NUMBER_OBJECT_CONVERSION = YES_AGGRESSIVE;
				CLANG_CXX_LANGUAGE_STANDARD = "gnu++20";
				CLANG_ENABLE_MODULES = YES;
				CLANG_ENABLE_OBJC_ARC = YES;
				CLANG_ENABLE_OBJC_WEAK = YES;
				CLANG_WARN_BLOCK_CAPTURE_AUTORELEASING = YES;
				CLANG_WARN_BOOL_CONVERSION = YES;
				CLANG_WARN_COMMA = YES;
				CLANG_WARN_CONSTANT_CONVERSION = YES;
				CLANG_WARN_DEPRECATED_OBJC_IMPLEMENTATIONS = YES;
				CLANG_WARN_DIRECT_OBJC_ISA_USAGE = YES_ERROR;
				CLANG_WARN_DOCUMENTATION_COMMENTS = YES;
				CLANG_WARN_EMPTY_BODY = YES;
				CLANG_WARN_ENUM_CONVERSION = YES;
				CLANG_WARN_INFINITE_RECURSION = YES;
				CLANG_WARN_INT_CONVERSION = YES;
				CLANG_WARN_NON_LITERAL_NULL_CONVERSION = YES;
				CLANG_WARN_OBJC_IMPLICIT_RETAIN_SELF = YES;
				CLANG_WARN_OBJC_LITERAL_CONVERSION = YES;
				CLANG_WARN_OBJC_ROOT_CLASS = YES_ERROR;
				CLANG_WARN_QUOTED_INCLUDE_IN_FRAMEWORK_HEADER = YES;
				CLANG_WARN_RANGE_LOOP_ANALYSIS = YES;
				CLANG_WARN_STRICT_PROTOTYPES = YES;
				CLANG_WARN_SUSPICIOUS_MOVE = YES;
				CLANG_WARN_UNGUARDED_AVAILABILITY = YES_AGGRESSIVE;
				CLANG_WARN_UNREACHABLE_CODE = YES;
				CLANG_WARN__DUPLICATE_METHOD_MATCH = YES;
				COPY_PHASE_STRIP = NO;
				DEBUG_INFORMATION_FORMAT = dwarf;
				ENABLE_STRICT_OBJC_MSGSEND = YES;
				ENABLE_TESTABILITY = YES;
				ENABLE_USER_SCRIPT_SANDBOXING = YES;
				GCC_C_LANGUAGE_STANDARD = gnu17;
				GCC_DYNAMIC_NO_PIC = NO;
				GCC_NO_COMMON_BLOCKS = YES;
				GCC_OPTIMIZATION_LEVEL = 0;
				GCC_PREPROCESSOR_DEFINITIONS = (
					"DEBUG=1",
					"$(inherited)",
				);
				GCC_WARN_64_TO_32_BIT_CONVERSION = YES;
				GCC_WARN_ABOUT_RETURN_TYPE = YES_ERROR;
				GCC_WARN_UNDECLARED_SELECTOR = YES;
				GCC_WARN_UNINITIALIZED_AUTOS = YES_AGGRESSIVE;
				GCC_WARN_UNUSED_FUNCTION = YES;
				GCC_WARN_UNUSED_VARIABLE = YES;
				IPHONEOS_DEPLOYMENT_TARGET = 17.0;
				LOCALIZATION_PREFERS_STRING_CATALOGS = YES;
				MTL_ENABLE_DEBUG_INFO = INCLUDE_SOURCE;
				MTL_FAST_MATH = YES;
				ONLY_ACTIVE_ARCH = YES;
				SDKROOT = iphoneos;
				SWIFT_ACTIVE_COMPILATION_CONDITIONS = "DEBUG $(inherited)";
				SWIFT_OPTIMIZATION_LEVEL = "-Onone";
			};
			name = Debug;
		};
		55727F202B1CA4C500B68E9D /* Release */ = {
			isa = XCBuildConfiguration;
			buildSettings = {
				ALWAYS_SEARCH_USER_PATHS = NO;
				ASSETCATALOG_COMPILER_GENERATE_SWIFT_ASSET_SYMBOL_EXTENSIONS = YES;
				CLANG_ANALYZER_NONNULL = YES;
				CLANG_ANALYZER_NUMBER_OBJECT_CONVERSION = YES_AGGRESSIVE;
				CLANG_CXX_LANGUAGE_STANDARD = "gnu++20";
				CLANG_ENABLE_MODULES = YES;
				CLANG_ENABLE_OBJC_ARC = YES;
				CLANG_ENABLE_OBJC_WEAK = YES;
				CLANG_WARN_BLOCK_CAPTURE_AUTORELEASING = YES;
				CLANG_WARN_BOOL_CONVERSION = YES;
				CLANG_WARN_COMMA = YES;
				CLANG_WARN_CONSTANT_CONVERSION = YES;
				CLANG_WARN_DEPRECATED_OBJC_IMPLEMENTATIONS = YES;
				CLANG_WARN_DIRECT_OBJC_ISA_USAGE = YES_ERROR;
				CLANG_WARN_DOCUMENTATION_COMMENTS = YES;
				CLANG_WARN_EMPTY_BODY = YES;
				CLANG_WARN_ENUM_CONVERSION = YES;
				CLANG_WARN_INFINITE_RECURSION = YES;
				CLANG_WARN_INT_CONVERSION = YES;
				CLANG_WARN_NON_LITERAL_NULL_CONVERSION = YES;
				CLANG_WARN_OBJC_IMPLICIT_RETAIN_SELF = YES;
				CLANG_WARN_OBJC_LITERAL_CONVERSION = YES;
				CLANG_WARN_OBJC_ROOT_CLASS = YES_ERROR;
				CLANG_WARN_QUOTED_INCLUDE_IN_FRAMEWORK_HEADER = YES;
				CLANG_WARN_RANGE_LOOP_ANALYSIS = YES;
				CLANG_WARN_STRICT_PROTOTYPES = YES;
				CLANG_WARN_SUSPICIOUS_MOVE = YES;
				CLANG_WARN_UNGUARDED_AVAILABILITY = YES_AGGRESSIVE;
				CLANG_WARN_UNREACHABLE_CODE = YES;
				CLANG_WARN__DUPLICATE_METHOD_MATCH = YES;
				COPY_PHASE_STRIP = NO;
				DEBUG_INFORMATION_FORMAT = "dwarf-with-dsym";
				ENABLE_NS_ASSERTIONS = NO;
				ENABLE_STRICT_OBJC_MSGSEND = YES;
				ENABLE_USER_SCRIPT_SANDBOXING = YES;
				GCC_C_LANGUAGE_STANDARD = gnu17;
				GCC_NO_COMMON_BLOCKS = YES;
				GCC_WARN_64_TO_32_BIT_CONVERSION = YES;
				GCC_WARN_ABOUT_RETURN_TYPE = YES_ERROR;
				GCC_WARN_UNDECLARED_SELECTOR = YES;
				GCC_WARN_UNINITIALIZED_AUTOS = YES_AGGRESSIVE;
				GCC_WARN_UNUSED_FUNCTION = YES;
				GCC_WARN_UNUSED_VARIABLE = YES;
				IPHONEOS_DEPLOYMENT_TARGET = 17.0;
				LOCALIZATION_PREFERS_STRING_CATALOGS = YES;
				MTL_ENABLE_DEBUG_INFO = NO;
				MTL_FAST_MATH = YES;
				SDKROOT = iphoneos;
				SWIFT_COMPILATION_MODE = wholemodule;
				VALIDATE_PRODUCT = YES;
			};
			name = Release;
		};
		55727F222B1CA4C500B68E9D /* Debug */ = {
			isa = XCBuildConfiguration;
			buildSettings = {
				ASSETCATALOG_COMPILER_APPICON_NAME = AppIcon;
				ASSETCATALOG_COMPILER_GLOBAL_ACCENT_COLOR_NAME = AccentColor;
				CODE_SIGN_ENTITLEMENTS = 4206_IOSproject_TsangKaPo_ChowChingHo_NgKaKin/_206_IOSproject_TsangKaPo_ChowChingHo_NgKaKin.entitlements;
				CODE_SIGN_STYLE = Automatic;
				CURRENT_PROJECT_VERSION = 1;
				GENERATE_INFOPLIST_FILE = YES;
				INFOPLIST_FILE = 4206_IOSproject_TsangKaPo_ChowChingHo_NgKaKin/Info.plist;
				INFOPLIST_KEY_UIApplicationSupportsIndirectInputEvents = YES;
				INFOPLIST_KEY_UILaunchStoryboardName = LaunchScreen;
				INFOPLIST_KEY_UIMainStoryboardFile = Main;
				INFOPLIST_KEY_UISupportedInterfaceOrientations_iPad = "UIInterfaceOrientationPortrait UIInterfaceOrientationPortraitUpsideDown UIInterfaceOrientationLandscapeLeft UIInterfaceOrientationLandscapeRight";
				INFOPLIST_KEY_UISupportedInterfaceOrientations_iPhone = "UIInterfaceOrientationPortrait UIInterfaceOrientationLandscapeLeft UIInterfaceOrientationLandscapeRight";
				IPHONEOS_DEPLOYMENT_TARGET = 16.0;
				LD_RUNPATH_SEARCH_PATHS = (
					"$(inherited)",
					"@executable_path/Frameworks",
				);
				MARKETING_VERSION = 1.0;
				PRODUCT_BUNDLE_IDENTIFIER = "stu.self.-206-IOSproject-TsangKaPo-ChowChingHo-NgKaKin";
				PRODUCT_NAME = "$(TARGET_NAME)";
				SWIFT_EMIT_LOC_STRINGS = YES;
				SWIFT_VERSION = 5.0;
				TARGETED_DEVICE_FAMILY = "1,2";
			};
			name = Debug;
		};
		55727F232B1CA4C500B68E9D /* Release */ = {
			isa = XCBuildConfiguration;
			buildSettings = {
				ASSETCATALOG_COMPILER_APPICON_NAME = AppIcon;
				ASSETCATALOG_COMPILER_GLOBAL_ACCENT_COLOR_NAME = AccentColor;
				CODE_SIGN_ENTITLEMENTS = 4206_IOSproject_TsangKaPo_ChowChingHo_NgKaKin/_206_IOSproject_TsangKaPo_ChowChingHo_NgKaKin.entitlements;
				CODE_SIGN_STYLE = Automatic;
				CURRENT_PROJECT_VERSION = 1;
				GENERATE_INFOPLIST_FILE = YES;
				INFOPLIST_FILE = 4206_IOSproject_TsangKaPo_ChowChingHo_NgKaKin/Info.plist;
				INFOPLIST_KEY_UIApplicationSupportsIndirectInputEvents = YES;
				INFOPLIST_KEY_UILaunchStoryboardName = LaunchScreen;
				INFOPLIST_KEY_UIMainStoryboardFile = Main;
				INFOPLIST_KEY_UISupportedInterfaceOrientations_iPad = "UIInterfaceOrientationPortrait UIInterfaceOrientationPortraitUpsideDown UIInterfaceOrientationLandscapeLeft UIInterfaceOrientationLandscapeRight";
				INFOPLIST_KEY_UISupportedInterfaceOrientations_iPhone = "UIInterfaceOrientationPortrait UIInterfaceOrientationLandscapeLeft UIInterfaceOrientationLandscapeRight";
				IPHONEOS_DEPLOYMENT_TARGET = 16.0;
				LD_RUNPATH_SEARCH_PATHS = (
					"$(inherited)",
					"@executable_path/Frameworks",
				);
				MARKETING_VERSION = 1.0;
				PRODUCT_BUNDLE_IDENTIFIER = "stu.self.-206-IOSproject-TsangKaPo-ChowChingHo-NgKaKin";
				PRODUCT_NAME = "$(TARGET_NAME)";
				SWIFT_EMIT_LOC_STRINGS = YES;
				SWIFT_VERSION = 5.0;
				TARGETED_DEVICE_FAMILY = "1,2";
			};
			name = Release;
		};
/* End XCBuildConfiguration section */

/* Begin XCConfigurationList section */
		55727F042B1CA4C300B68E9D /* Build configuration list for PBXProject "4206_IOSproject_TsangKaPo_ChowChingHo_NgKaKin" */ = {
			isa = XCConfigurationList;
			buildConfigurations = (
				55727F1F2B1CA4C500B68E9D /* Debug */,
				55727F202B1CA4C500B68E9D /* Release */,
			);
			defaultConfigurationIsVisible = 0;
			defaultConfigurationName = Release;
		};
		55727F212B1CA4C500B68E9D /* Build configuration list for PBXNativeTarget "4206_IOSproject_TsangKaPo_ChowChingHo_NgKaKin" */ = {
			isa = XCConfigurationList;
			buildConfigurations = (
				55727F222B1CA4C500B68E9D /* Debug */,
				55727F232B1CA4C500B68E9D /* Release */,
			);
			defaultConfigurationIsVisible = 0;
			defaultConfigurationName = Release;
		};
/* End XCConfigurationList section */

/* Begin XCVersionGroup section */
		55727F152B1CA4C300B68E9D /* _206_IOSproject_TsangKaPo_ChowChingHo_NgKaKin.xcdatamodeld */ = {
			isa = XCVersionGroup;
			children = (
				55727F162B1CA4C300B68E9D /* _206_IOSproject_TsangKaPo_ChowChingHo_NgKaKin.xcdatamodel */,
			);
			currentVersion = 55727F162B1CA4C300B68E9D /* _206_IOSproject_TsangKaPo_ChowChingHo_NgKaKin.xcdatamodel */;
			path = _206_IOSproject_TsangKaPo_ChowChingHo_NgKaKin.xcdatamodeld;
			sourceTree = "<group>";
			versionGroupType = wrapper.xcdatamodel;
		};
/* End XCVersionGroup section */
	};
	rootObject = 55727F012B1CA4C300B68E9D /* Project object */;
}
